
Microsoft Visual Studio Solution File, Format Version 12.00
# Visual Studio Version 16
VisualStudioVersion = 16.0.28922.388
MinimumVisualStudioVersion = 10.0.40219.1
Project("{FAE04EC0-301F-11D3-BF4B-00C04F79EFBC}") = "ConsoleApp1", "ConsoleApp1\ConsoleApp1.csproj", "{4A1D1362-3414-420A-B247-758EA9658CC5}"
EndProject
Global
	GlobalSection(SolutionConfigurationPlatforms) = preSolution
		Debug|Any CPU = Debug|Any CPU
		Release|Any CPU = Release|Any CPU
	EndGlobalSection
	GlobalSection(ProjectConfigurationPlatforms) = postSolution
		{4A1D1362-3414-420A-B247-758EA9658CC5}.Debug|Any CPU.ActiveCfg = Debug|Any CPU
		{4A1D1362-3414-420A-B247-758EA9658CC5}.Debug|Any CPU.Build.0 = Debug|Any CPU
		{4A1D1362-3414-420A-B247-758EA9658CC5}.Release|Any CPU.ActiveCfg = Release|Any CPU
		{4A1D1362-3414-420A-B247-758EA9658CC5}.Release|Any CPU.Build.0 = Release|Any CPU
	EndGlobalSection
	GlobalSection(SolutionProperties) = preSolution
		HideSolutionNode = FALSE
	EndGlobalSection
	GlobalSection(ExtensibilityGlobals) = postSolution
		SolutionGuid = {82BF1A93-82C8-474C-A444-542DE3255378}
	EndGlobalSection
EndGlobal
